
Microsoft Visual Studio Solution File, Format Version 12.00
# Visual Studio Version 17
VisualStudioVersion = 17.14.37328.6
MinimumVisualStudioVersion = 10.0.40219.1
Project("{FAE04EC0-301F-11D3-BF4B-00C04F79EFBC}") = "LoggingTestingContraints", "LoggingTestingContraints.csproj", "{79CE3AEF-121B-4256-8014-3C4AC7183874}"
EndProject
Project("{FAE04EC0-301F-11D3-BF4B-00C04F79EFBC}") = "LoggingTestingContraints.Tests", "LoggingTestingContraints.Tests\LoggingTestingContraints.Tests.csproj", "{8D3EC3A4-BB0D-4FD1-AC75-0F1ED1004382}"
EndProject
Global
	GlobalSection(SolutionConfigurationPlatforms) = preSolution
		Debug|Any CPU = Debug|Any CPU
		Debug|x64 = Debug|x64
		Debug|x86 = Debug|x86
		Release|Any CPU = Release|Any CPU
		Release|x64 = Release|x64
		Release|x86 = Release|x86
	EndGlobalSection
	GlobalSection(ProjectConfigurationPlatforms) = postSolution
		{79CE3AEF-121B-4256-8014-3C4AC7183874}.Debug|Any CPU.ActiveCfg = Debug|Any CPU
		{79CE3AEF-121B-4256-8014-3C4AC7183874}.Debug|Any CPU.Build.0 = Debug|Any CPU
		{79CE3AEF-121B-4256-8014-3C4AC7183874}.Debug|x64.ActiveCfg = Debug|Any CPU
		{79CE3AEF-121B-4256-8014-3C4AC7183874}.Debug|x64.Build.0 = Debug|Any CPU
		{79CE3AEF-121B-4256-8014-3C4AC7183874}.Debug|x86.ActiveCfg = Debug|Any CPU
		{79CE3AEF-121B-4256-8014-3C4AC7183874}.Debug|x86.Build.0 = Debug|Any CPU
		{79CE3AEF-121B-4256-8014-3C4AC7183874}.Release|Any CPU.ActiveCfg = Release|Any CPU
		{79CE3AEF-121B-4256-8014-3C4AC7183874}.Release|Any CPU.Build.0 = Release|Any CPU
		{79CE3AEF-121B-4256-8014-3C4AC7183874}.Release|x64.ActiveCfg = Release|Any CPU
		{79CE3AEF-121B-4256-8014-3C4AC7183874}.Release|x64.Build.0 = Release|Any CPU
		{79CE3AEF-121B-4256-8014-3C4AC7183874}.Release|x86.ActiveCfg = Release|Any CPU
		{79CE3AEF-121B-4256-8014-3C4AC7183874}.Release|x86.Build.0 = Release|Any CPU
		{8D3EC3A4-BB0D-4FD1-AC75-0F1ED1004382}.Debug|Any CPU.ActiveCfg = Debug|Any CPU
		{8D3EC3A4-BB0D-4FD1-AC75-0F1ED1004382}.Debug|Any CPU.Build.0 = Debug|Any CPU
		{8D3EC3A4-BB0D-4FD1-AC75-0F1ED1004382}.Debug|x64.ActiveCfg = Debug|Any CPU
		{8D3EC3A4-BB0D-4FD1-AC75-0F1ED1004382}.Debug|x64.Build.0 = Debug|Any CPU
		{8D3EC3A4-BB0D-4FD1-AC75-0F1ED1004382}.Debug|x86.ActiveCfg = Debug|Any CPU
		{8D3EC3A4-BB0D-4FD1-AC75-0F1ED1004382}.Debug|x86.Build.0 = Debug|Any CPU
		{8D3EC3A4-BB0D-4FD1-AC75-0F1ED1004382}.Release|Any CPU.ActiveCfg = Release|Any CPU
		{8D3EC3A4-BB0D-4FD1-AC75-0F1ED1004382}.Release|Any CPU.Build.0 = Release|Any CPU
		{8D3EC3A4-BB0D-4FD1-AC75-0F1ED1004382}.Release|x64.ActiveCfg = Release|Any CPU
		{8D3EC3A4-BB0D-4FD1-AC75-0F1ED1004382}.Release|x64.Build.0 = Release|Any CPU
		{8D3EC3A4-BB0D-4FD1-AC75-0F1ED1004382}.Release|x86.ActiveCfg = Release|Any CPU
		{8D3EC3A4-BB0D-4FD1-AC75-0F1ED1004382}.Release|x86.Build.0 = Release|Any CPU
	EndGlobalSection
	GlobalSection(SolutionProperties) = preSolution
		HideSolutionNode = FALSE
	EndGlobalSection
	GlobalSection(ExtensibilityGlobals) = postSolution
		SolutionGuid = {D7719979-9BF2-4263-941E-6BA41502953E}
	EndGlobalSection
EndGlobal
